
Microsoft Visual Studio Solution File, Format Version 12.00
# Visual Studio Version 16
VisualStudioVersion = 16.0.31424.327
MinimumVisualStudioVersion = 10.0.40219.1
Project("{FAE04EC0-301F-11D3-BF4B-00C04F79EFBC}") = "SignalRP320", "SignalRP320\SignalRP320.csproj", "{C7E09C7F-A9C4-499A-AE2B-BF364A1CFFA0}"
EndProject
Global
	GlobalSection(SolutionConfigurationPlatforms) = preSolution
		Debug|Any CPU = Debug|Any CPU
		Release|Any CPU = Release|Any CPU
	EndGlobalSection
	GlobalSection(ProjectConfigurationPlatforms) = postSolution
		{C7E09C7F-A9C4-499A-AE2B-BF364A1CFFA0}.Debug|Any CPU.ActiveCfg = Debug|Any CPU
		{C7E09C7F-A9C4-499A-AE2B-BF364A1CFFA0}.Debug|Any CPU.Build.0 = Debug|Any CPU
		{C7E09C7F-A9C4-499A-AE2B-BF364A1CFFA0}.Release|Any CPU.ActiveCfg = Release|Any CPU
		{C7E09C7F-A9C4-499A-AE2B-BF364A1CFFA0}.Release|Any CPU.Build.0 = Release|Any CPU
	EndGlobalSection
	GlobalSection(SolutionProperties) = preSolution
		HideSolutionNode = FALSE
	EndGlobalSection
	GlobalSection(ExtensibilityGlobals) = postSolution
		SolutionGuid = {38C758CB-7D22-422A-B988-5E9CD965CA56}
	EndGlobalSection
EndGlobal
